Microsoft Visual Studio Solution File, Format Version 12.00
# Visual Studio Version 16
VisualStudioVersion = 16.0.31112.23
MinimumVisualStudioVersion = 10.0.40219.1
Project("{FAE04EC0-301F-11D3-BF4B-00C04F79EFBC}") = "VERSIONDB4", "VERSIONDB4.csproj", "{6DC40FFE-C923-433C-A2E5-EBFD0458C91C}"
EndProject
Global
	GlobalSection(SolutionConfigurationPlatforms) = preSolution
		Debug|Any CPU = Debug|Any CPU
		Release|Any CPU = Release|Any CPU
	EndGlobalSection
	GlobalSection(ProjectConfigurationPlatforms) = postSolution
		{6DC40FFE-C923-433C-A2E5-EBFD0458C91C}.Debug|Any CPU.ActiveCfg = Debug|Any CPU
		{6DC40FFE-C923-433C-A2E5-EBFD0458C91C}.Debug|Any CPU.Build.0 = Debug|Any CPU
		{6DC40FFE-C923-433C-A2E5-EBFD0458C91C}.Release|Any CPU.ActiveCfg = Release|Any CPU
		{6DC40FFE-C923-433C-A2E5-EBFD0458C91C}.Release|Any CPU.Build.0 = Release|Any CPU
	EndGlobalSection
	GlobalSection(SolutionProperties) = preSolution
		HideSolutionNode = FALSE
	EndGlobalSection
	GlobalSection(ExtensibilityGlobals) = postSolution
		SolutionGuid = {63946942-CEFA-4C23-A802-BE5A80A036BE}
	EndGlobalSection
EndGlobal
