Microsoft Visual Studio Solution File, Format Version 8.00
Project("{FAE04EC0-301F-11D3-BF4B-00C04F79EFBC}") = "VERSIONDB4", "VERSIONDB4.csproj", "{6DC40FFE-C923-433C-A2E5-EBFD0458C91C}"
EndProject
Global
	GlobalSection(SolutionConfiguration) = preSolution
		ConfigName.0 = Debug
		ConfigName.1 = Release
	EndGlobalSection
	GlobalSection(ProjectDependencies) = postSolution
	EndGlobalSection
	GlobalSection(ProjectConfiguration) = postSolution
		{6DC40FFE-C923-433C-A2E5-EBFD0458C91C}.Debug.ActiveCfg = Debug|.NET
		{6DC40FFE-C923-433C-A2E5-EBFD0458C91C}.Debug.Build.0 = Debug|.NET
		{6DC40FFE-C923-433C-A2E5-EBFD0458C91C}.Release.ActiveCfg = Release|.NET
		{6DC40FFE-C923-433C-A2E5-EBFD0458C91C}.Release.Build.0 = Release|.NET
	EndGlobalSection
	GlobalSection(ExtensibilityGlobals) = postSolution
	EndGlobalSection
	GlobalSection(ExtensibilityAddIns) = postSolution
	EndGlobalSection
EndGlobal